# This file was autogenerated by Stack.
# You should not edit this file by hand.
# For more information, please see the documentation at:
#   https://docs.haskellstack.org/en/stable/lock_files

packages:
- completed:
    hackage: sdl2-cairo-0.2@sha256:f4136fe6ffa5f625725ef43391178bfb59c40eeaf985d78fba16e594d6f9dc08,1134
    pantry-tree:
      sha256: 1386db4b3a942d7ca4c2215e2662537d1312ebfa9087b79f5430dca94547af39
      size: 211
  original:
    hackage: sdl2-cairo-0.2
- completed:
    hackage: hsluv-haskell-0.1.0.0@sha256:b702020bbaf0a17467ac3416542e0bbc91587378340db9119ed4f9193e8cb1dd,1242
    pantry-tree:
      sha256: 8b5e1a1894832d09c1a1f1c72a6af0e3d43ee629fbf886fe17add1f9f1da070b
      size: 474
  original:
    hackage: hsluv-haskell-0.1.0.0
snapshots:
- completed:
    sha256: 126fa33ceb11f5e85ceb4e86d434756bd9a8439e2e5776d306a15fbc63b01e89
    size: 650041
    url: https://raw.githubusercontent.com/commercialhaskell/stackage-snapshots/master/lts/20/20.yaml
  original:
    url: https://raw.githubusercontent.com/commercialhaskell/stackage-snapshots/master/lts/20/20.yaml
